// !$*UTF8*$!
{
	archiveVersion = 1;
	classes = {
	};
	objectVersion = 46;
	objects = {

/* Begin PBXBuildFile section */
		0C03719E1E39F57600480C41 /* PetSaviorTests.swift in Sources */ = {isa = PBXBuildFile; fileRef = 0C03719D1E39F57600480C41 /* PetSaviorTests.swift */; };
		0C0371AC1E39F57E00480C41 /* PetSaviorUITests.swift in Sources */ = {isa = PBXBuildFile; fileRef = 0C0371AB1E39F57E00480C41 /* PetSaviorUITests.swift */; };
		0C0371B41E3A075E00480C41 /* AddViewController.swift in Sources */ = {isa = PBXBuildFile; fileRef = 0C0371B31E3A075E00480C41 /* AddViewController.swift */; };
		0C0371B61E3A09FA00480C41 /* cevremdekilerViewController.swift in Sources */ = {isa = PBXBuildFile; fileRef = 0C0371B51E3A09FA00480C41 /* cevremdekilerViewController.swift */; };
		0C0371BA1E3A0E4F00480C41 /* animalDetailViewController.swift in Sources */ = {isa = PBXBuildFile; fileRef = 0C0371B91E3A0E4F00480C41 /* animalDetailViewController.swift */; };
		0C0371BC1E3A14A500480C41 /* postTableViewCell.swift in Sources */ = {isa = PBXBuildFile; fileRef = 0C0371BB1E3A14A500480C41 /* postTableViewCell.swift */; };
		0C266FE71E3B4DAE001F6C6D /* MapKit.framework in Frameworks */ = {isa = PBXBuildFile; fileRef = 0C266FE61E3B4DAE001F6C6D /* MapKit.framework */; };
		0C606BD91E48EC9C00163FBD /* tumuViewController.swift in Sources */ = {isa = PBXBuildFile; fileRef = 0C606BD81E48EC9C00163FBD /* tumuViewController.swift */; };
		0CB004611E39E25200876F9C /* AppDelegate.swift in Sources */ = {isa = PBXBuildFile; fileRef = 0CB004601E39E25200876F9C /* AppDelegate.swift */; };
		0CB004661E39E25200876F9C /* Main.storyboard in Resources */ = {isa = PBXBuildFile; fileRef = 0CB004641E39E25200876F9C /* Main.storyboard */; };
		0CB004681E39E25200876F9C /* Assets.xcassets in Resources */ = {isa = PBXBuildFile; fileRef = 0CB004671E39E25200876F9C /* Assets.xcassets */; };
		0CB0046B1E39E25200876F9C /* LaunchScreen.storyboard in Resources */ = {isa = PBXBuildFile; fileRef = 0CB004691E39E25200876F9C /* LaunchScreen.storyboard */; };
		5AF02514C1509AE38007D6A9 /* Pods_PetSavior.framework in Frameworks */ = {isa = PBXBuildFile; fileRef = B380AFE1F54832DA4662CC49 /* Pods_PetSavior.framework */; };
/* End PBXBuildFile section */

/* Begin PBXContainerItemProxy section */
		0C0371A01E39F57600480C41 /* PBXContainerItemProxy */ = {
			isa = PBXContainerItemProxy;
			containerPortal = 0CB004551E39E25200876F9C /* Project object */;
			proxyType = 1;
			remoteGlobalIDString = 0CB0045C1E39E25200876F9C;
			remoteInfo = PetSavior;
		};
		0C0371AE1E39F57E00480C41 /* PBXContainerItemProxy */ = {
			isa = PBXContainerItemProxy;
			containerPortal = 0CB004551E39E25200876F9C /* Project object */;
			proxyType = 1;
			remoteGlobalIDString = 0CB0045C1E39E25200876F9C;
			remoteInfo = PetSavior;
		};
/* End PBXContainerItemProxy section */

/* Begin PBXFileReference section */
		0C03719B1E39F57600480C41 /* PetSaviorTests.xctest */ = {isa = PBXFileReference; explicitFileType = wrapper.cfbundle; includeInIndex = 0; path = PetSaviorTests.xctest; sourceTree = BUILT_PRODUCTS_DIR; };
		0C03719D1E39F57600480C41 /* PetSaviorTests.swift */ = {isa = PBXFileReference; lastKnownFileType = sourcecode.swift; path = PetSaviorTests.swift; sourceTree = "<group>"; };
		0C03719F1E39F57600480C41 /* Info.plist */ = {isa = PBXFileReference; lastKnownFileType = text.plist.xml; path = Info.plist; sourceTree = "<group>"; };
		0C0371A91E39F57D00480C41 /* PetSaviorUITests.xctest */ = {isa = PBXFileReference; explicitFileType = wrapper.cfbundle; includeInIndex = 0; path = PetSaviorUITests.xctest; sourceTree = BUILT_PRODUCTS_DIR; };
		0C0371AB1E39F57E00480C41 /* PetSaviorUITests.swift */ = {isa = PBXFileReference; lastKnownFileType = sourcecode.swift; path = PetSaviorUITests.swift; sourceTree = "<group>"; };
		0C0371AD1E39F57E00480C41 /* Info.plist */ = {isa = PBXFileReference; lastKnownFileType = text.plist.xml; path = Info.plist; sourceTree = "<group>"; };
		0C0371B31E3A075E00480C41 /* AddViewController.swift */ = {isa = PBXFileReference; fileEncoding = 4; lastKnownFileType = sourcecode.swift; path = AddViewController.swift; sourceTree = "<group>"; };
		0C0371B51E3A09FA00480C41 /* cevremdekilerViewController.swift */ = {isa = PBXFileReference; fileEncoding = 4; lastKnownFileType = sourcecode.swift; path = cevremdekilerViewController.swift; sourceTree = "<group>"; };
		0C0371B91E3A0E4F00480C41 /* animalDetailViewController.swift */ = {isa = PBXFileReference; fileEncoding = 4; lastKnownFileType = sourcecode.swift; path = animalDetailViewController.swift; sourceTree = "<group>"; };
		0C0371BB1E3A14A500480C41 /* postTableViewCell.swift */ = {isa = PBXFileReference; fileEncoding = 4; lastKnownFileType = sourcecode.swift; path = postTableViewCell.swift; sourceTree = "<group>"; };
		0C266FE61E3B4DAE001F6C6D /* MapKit.framework */ = {isa = PBXFileReference; lastKnownFileType = wrapper.framework; name = MapKit.framework; path = System/Library/Frameworks/MapKit.framework; sourceTree = SDKROOT; };
		0C606BD81E48EC9C00163FBD /* tumuViewController.swift */ = {isa = PBXFileReference; fileEncoding = 4; lastKnownFileType = sourcecode.swift; path = tumuViewController.swift; sourceTree = "<group>"; };
		0CB0045D1E39E25200876F9C /* PetSavior.app */ = {isa = PBXFileReference; explicitFileType = wrapper.application; includeInIndex = 0; path = PetSavior.app; sourceTree = BUILT_PRODUCTS_DIR; };
		0CB004601E39E25200876F9C /* AppDelegate.swift */ = {isa = PBXFileReference; lastKnownFileType = sourcecode.swift; path = AppDelegate.swift; sourceTree = "<group>"; };
		0CB004651E39E25200876F9C /* Base */ = {isa = PBXFileReference; lastKnownFileType = file.storyboard; name = Base; path = Base.lproj/Main.storyboard; sourceTree = "<group>"; };
		0CB004671E39E25200876F9C /* Assets.xcassets */ = {isa = PBXFileReference; lastKnownFileType = folder.assetcatalog; path = Assets.xcassets; sourceTree = "<group>"; };
		0CB0046A1E39E25200876F9C /* Base */ = {isa = PBXFileReference; lastKnownFileType = file.storyboard; name = Base; path = Base.lproj/LaunchScreen.storyboard; sourceTree = "<group>"; };
		0CB0046C1E39E25200876F9C /* Info.plist */ = {isa = PBXFileReference; lastKnownFileType = text.plist.xml; path = Info.plist; sourceTree = "<group>"; };
		12A2BF07B397C2A254F124A7 /* Pods_CatSavior.framework */ = {isa = PBXFileReference; explicitFileType = wrapper.framework; includeInIndex = 0; path = Pods_CatSavior.framework; sourceTree = BUILT_PRODUCTS_DIR; };
		6ED221904900066782393941 /* Pods-PetSavior */ = {isa = PBXFileReference; includeInIndex = 1; lastKnownFileType = folder; name = "Pods-PetSavior"; path = "Pods/Target Support Files/Pods-PetSavior"; sourceTree = "<group>"; };
		70AD728790CBB312B63A70B2 /* Pods-PetSavior.release.xcconfig */ = {isa = PBXFileReference; includeInIndex = 1; lastKnownFileType = text.xcconfig; name = "Pods-PetSavior.release.xcconfig"; path = "Pods/Target Support Files/Pods-PetSavior/Pods-PetSavior.release.xcconfig"; sourceTree = "<group>"; };
		B380AFE1F54832DA4662CC49 /* Pods_PetSavior.framework */ = {isa = PBXFileReference; explicitFileType = wrapper.framework; includeInIndex = 0; path = Pods_PetSavior.framework; sourceTree = BUILT_PRODUCTS_DIR; };
		B7A62E21E21B25855A8B8DA3 /* Pods-PetSavior.debug.xcconfig */ = {isa = PBXFileReference; includeInIndex = 1; lastKnownFileType = text.xcconfig; name = "Pods-PetSavior.debug.xcconfig"; path = "Pods/Target Support Files/Pods-PetSavior/Pods-PetSavior.debug.xcconfig"; sourceTree = "<group>"; };
		E1900E359301783D0461A530 /* Pods-PetSavior.release.xcconfig */ = {isa = PBXFileReference; includeInIndex = 1; lastKnownFileType = text.xcconfig; name = "Pods-PetSavior.release.xcconfig"; path = "Pods/Target Support Files/Pods-PetSavior/Pods-PetSavior.release.xcconfig"; sourceTree = "<group>"; };
/* End PBXFileReference section */

/* Begin PBXFrameworksBuildPhase section */
		0C0371981E39F57600480C41 /* Frameworks */ = {
			isa = PBXFrameworksBuildPhase;
			buildActionMask = 2147483647;
			files = (
			);
			runOnlyForDeploymentPostprocessing = 0;
		};
		0C0371A61E39F57D00480C41 /* Frameworks */ = {
			isa = PBXFrameworksBuildPhase;
			buildActionMask = 2147483647;
			files = (
			);
			runOnlyForDeploymentPostprocessing = 0;
		};
		0CB0045A1E39E25200876F9C /* Frameworks */ = {
			isa = PBXFrameworksBuildPhase;
			buildActionMask = 2147483647;
			files = (
				0C266FE71E3B4DAE001F6C6D /* MapKit.framework in Frameworks */,
				5AF02514C1509AE38007D6A9 /* Pods_PetSavior.framework in Frameworks */,
			);
			runOnlyForDeploymentPostprocessing = 0;
		};
/* End PBXFrameworksBuildPhase section */

/* Begin PBXGroup section */
		086C626EABE1AD703557705F /* Frameworks */ = {
			isa = PBXGroup;
			children = (
				0C266FE61E3B4DAE001F6C6D /* MapKit.framework */,
				12A2BF07B397C2A254F124A7 /* Pods_CatSavior.framework */,
				B380AFE1F54832DA4662CC49 /* Pods_PetSavior.framework */,
			);
			name = Frameworks;
			sourceTree = "<group>";
		};
		0C03719C1E39F57600480C41 /* PetSaviorTests */ = {
			isa = PBXGroup;
			children = (
				0C03719D1E39F57600480C41 /* PetSaviorTests.swift */,
				0C03719F1E39F57600480C41 /* Info.plist */,
			);
			path = PetSaviorTests;
			sourceTree = "<group>";
		};
		0C0371AA1E39F57E00480C41 /* PetSaviorUITests */ = {
			isa = PBXGroup;
			children = (
				0C0371AB1E39F57E00480C41 /* PetSaviorUITests.swift */,
				0C0371AD1E39F57E00480C41 /* Info.plist */,
			);
			path = PetSaviorUITests;
			sourceTree = "<group>";
		};
		0CB004541E39E25200876F9C = {
			isa = PBXGroup;
			children = (
				0CB0045F1E39E25200876F9C /* PetSavior */,
				0C03719C1E39F57600480C41 /* PetSaviorTests */,
				0C0371AA1E39F57E00480C41 /* PetSaviorUITests */,
				0CB0045E1E39E25200876F9C /* Products */,
				83E0F4EF61993C656906AA38 /* Pods */,
				086C626EABE1AD703557705F /* Frameworks */,
			);
			sourceTree = "<group>";
		};
		0CB0045E1E39E25200876F9C /* Products */ = {
			isa = PBXGroup;
			children = (
				0CB0045D1E39E25200876F9C /* PetSavior.app */,
				0C03719B1E39F57600480C41 /* PetSaviorTests.xctest */,
				0C0371A91E39F57D00480C41 /* PetSaviorUITests.xctest */,
			);
			name = Products;
			sourceTree = "<group>";
		};
		0CB0045F1E39E25200876F9C /* PetSavior */ = {
			isa = PBXGroup;
			children = (
				0CB004601E39E25200876F9C /* AppDelegate.swift */,
				0CB004641E39E25200876F9C /* Main.storyboard */,
				0CB004671E39E25200876F9C /* Assets.xcassets */,
				0CB004691E39E25200876F9C /* LaunchScreen.storyboard */,
				0CB0046C1E39E25200876F9C /* Info.plist */,
				0C0371B31E3A075E00480C41 /* AddViewController.swift */,
				0C0371B51E3A09FA00480C41 /* cevremdekilerViewController.swift */,
				0C0371B91E3A0E4F00480C41 /* animalDetailViewController.swift */,
				0C0371BB1E3A14A500480C41 /* postTableViewCell.swift */,
				0C606BD81E48EC9C00163FBD /* tumuViewController.swift */,
			);
			path = PetSavior;
			sourceTree = "<group>";
		};
		83E0F4EF61993C656906AA38 /* Pods */ = {
			isa = PBXGroup;
			children = (
				6ED221904900066782393941 /* Pods-PetSavior */,
				70AD728790CBB312B63A70B2 /* Pods-PetSavior.release.xcconfig */,
				B7A62E21E21B25855A8B8DA3 /* Pods-PetSavior.debug.xcconfig */,
				E1900E359301783D0461A530 /* Pods-PetSavior.release.xcconfig */,
			);
			name = Pods;
			sourceTree = "<group>";
		};
/* End PBXGroup section */

/* Begin PBXNativeTarget section */
		0C03719A1E39F57600480C41 /* PetSaviorTests */ = {
			isa = PBXNativeTarget;
			buildConfigurationList = 0C0371A41E39F57600480C41 /* Build configuration list for PBXNativeTarget "PetSaviorTests" */;
			buildPhases = (
				0C0371971E39F57600480C41 /* Sources */,
				0C0371981E39F57600480C41 /* Frameworks */,
				0C0371991E39F57600480C41 /* Resources */,
			);
			buildRules = (
			);
			dependencies = (
				0C0371A11E39F57600480C41 /* PBXTargetDependency */,
			);
			name = PetSaviorTests;
			productName = PetSaviorTests;
			productReference = 0C03719B1E39F57600480C41 /* PetSaviorTests.xctest */;
			productType = "com.apple.product-type.bundle.unit-test";
		};
		0C0371A81E39F57D00480C41 /* PetSaviorUITests */ = {
			isa = PBXNativeTarget;
			buildConfigurationList = 0C0371B01E39F57E00480C41 /* Build configuration list for PBXNativeTarget "PetSaviorUITests" */;
			buildPhases = (
				0C0371A51E39F57D00480C41 /* Sources */,
				0C0371A61E39F57D00480C41 /* Frameworks */,
				0C0371A71E39F57D00480C41 /* Resources */,
			);
			buildRules = (
			);
			dependencies = (
				0C0371AF1E39F57E00480C41 /* PBXTargetDependency */,
			);
			name = PetSaviorUITests;
			productName = PetSaviorUITests;
			productReference = 0C0371A91E39F57D00480C41 /* PetSaviorUITests.xctest */;
			productType = "com.apple.product-type.bundle.ui-testing";
		};
		0CB0045C1E39E25200876F9C /* PetSavior */ = {
			isa = PBXNativeTarget;
			buildConfigurationList = 0CB004851E39E25200876F9C /* Build configuration list for PBXNativeTarget "PetSavior" */;
			buildPhases = (
				5DF425959FEFCDB67E17F7B2 /* [CP] Check Pods Manifest.lock */,
				0CB004591E39E25200876F9C /* Sources */,
				0CB0045A1E39E25200876F9C /* Frameworks */,
				0CB0045B1E39E25200876F9C /* Resources */,
				12289FDE4ADF79D8B9413A51 /* [CP] Embed Pods Frameworks */,
				7AD5EFE42018D2BAC34B1C03 /* [CP] Copy Pods Resources */,
			);
			buildRules = (
			);
			dependencies = (
			);
			name = PetSavior;
			productName = CatSavior;
			productReference = 0CB0045D1E39E25200876F9C /* PetSavior.app */;
			productType = "com.apple.product-type.application";
		};
/* End PBXNativeTarget section */

/* Begin PBXProject section */
		0CB004551E39E25200876F9C /* Project object */ = {
			isa = PBXProject;
			attributes = {
				LastSwiftUpdateCheck = 0820;
				LastUpgradeCheck = 0820;
				ORGANIZATIONNAME = ACI;
				TargetAttributes = {
					0C03719A1E39F57600480C41 = {
						CreatedOnToolsVersion = 8.2.1;
						DevelopmentTeam = VF89SMT8TU;
						ProvisioningStyle = Automatic;
						TestTargetID = 0CB0045C1E39E25200876F9C;
					};
					0C0371A81E39F57D00480C41 = {
						CreatedOnToolsVersion = 8.2.1;
						DevelopmentTeam = VF89SMT8TU;
						ProvisioningStyle = Automatic;
						TestTargetID = 0CB0045C1E39E25200876F9C;
					};
					0CB0045C1E39E25200876F9C = {
						CreatedOnToolsVersion = 8.2.1;
						DevelopmentTeam = VF89SMT8TU;
						ProvisioningStyle = Automatic;
						SystemCapabilities = {
							com.apple.Maps.iOS = {
								enabled = 1;
							};
						};
					};
				};
			};
			buildConfigurationList = 0CB004581E39E25200876F9C /* Build configuration list for PBXProject "PetSavior" */;
			compatibilityVersion = "Xcode 3.2";
			developmentRegion = English;
			hasScannedForEncodings = 0;
			knownRegions = (
				en,
				Base,
			);
			mainGroup = 0CB004541E39E25200876F9C;
			productRefGroup = 0CB0045E1E39E25200876F9C /* Products */;
			projectDirPath = "";
			projectRoot = "";
			targets = (
				0CB0045C1E39E25200876F9C /* PetSavior */,
				0C03719A1E39F57600480C41 /* PetSaviorTests */,
				0C0371A81E39F57D00480C41 /* PetSaviorUITests */,
			);
		};
/* End PBXProject section */

/* Begin PBXResourcesBuildPhase section */
		0C0371991E39F57600480C41 /* Resources */ = {
			isa = PBXResourcesBuildPhase;
			buildActionMask = 2147483647;
			files = (
			);
			runOnlyForDeploymentPostprocessing = 0;
		};
		0C0371A71E39F57D00480C41 /* Resources */ = {
			isa = PBXResourcesBuildPhase;
			buildActionMask = 2147483647;
			files = (
			);
			runOnlyForDeploymentPostprocessing = 0;
		};
		0CB0045B1E39E25200876F9C /* Resources */ = {
			isa = PBXResourcesBuildPhase;
			buildActionMask = 2147483647;
			files = (
				0CB0046B1E39E25200876F9C /* LaunchScreen.storyboard in Resources */,
				0CB004681E39E25200876F9C /* Assets.xcassets in Resources */,
				0CB004661E39E25200876F9C /* Main.storyboard in Resources */,
			);
			runOnlyForDeploymentPostprocessing = 0;
		};
/* End PBXResourcesBuildPhase section */

/* Begin PBXShellScriptBuildPhase section */
		12289FDE4ADF79D8B9413A51 /* [CP] Embed Pods Frameworks */ = {
			isa = PBXShellScriptBuildPhase;
			buildActionMask = 2147483647;
			files = (
			);
			inputPaths = (
			);
			name = "[CP] Embed Pods Frameworks";
			outputPaths = (
			);
			runOnlyForDeploymentPostprocessing = 0;
			shellPath = /bin/sh;
			shellScript = "\"${SRCROOT}/Pods/Target Support Files/Pods-PetSavior/Pods-PetSavior-frameworks.sh\"\n";
			showEnvVarsInLog = 0;
		};
		5DF425959FEFCDB67E17F7B2 /* [CP] Check Pods Manifest.lock */ = {
			isa = PBXShellScriptBuildPhase;
			buildActionMask = 2147483647;
			files = (
			);
			inputPaths = (
			);
			name = "[CP] Check Pods Manifest.lock";
			outputPaths = (
			);
			runOnlyForDeploymentPostprocessing = 0;
			shellPath = /bin/sh;
			shellScript = "diff \"${PODS_ROOT}/../Podfile.lock\" \"${PODS_ROOT}/Manifest.lock\" > /dev/null\nif [ $? != 0 ] ; then\n    # print error to STDERR\n    echo \"error: The sandbox is not in sync with the Podfile.lock. Run 'pod install' or update your CocoaPods installation.\" >&2\n    exit 1\nfi\n";
			showEnvVarsInLog = 0;
		};
		7AD5EFE42018D2BAC34B1C03 /* [CP] Copy Pods Resources */ = {
			isa = PBXShellScriptBuildPhase;
			buildActionMask = 2147483647;
			files = (
			);
			inputPaths = (
			);
			name = "[CP] Copy Pods Resources";
			outputPaths = (
			);
			runOnlyForDeploymentPostprocessing = 0;
			shellPath = /bin/sh;
			shellScript = "\"${SRCROOT}/Pods/Target Support Files/Pods-PetSavior/Pods-PetSavior-resources.sh\"\n";
			showEnvVarsInLog = 0;
		};
/* End PBXShellScriptBuildPhase section */

/* Begin PBXSourcesBuildPhase section */
		0C0371971E39F57600480C41 /* Sources */ = {
			isa = PBXSourcesBuildPhase;
			buildActionMask = 2147483647;
			files = (
				0C03719E1E39F57600480C41 /* PetSaviorTests.swift in Sources */,
			);
			runOnlyForDeploymentPostprocessing = 0;
		};
		0C0371A51E39F57D00480C41 /* Sources */ = {
			isa = PBXSourcesBuildPhase;
			buildActionMask = 2147483647;
			files = (
				0C0371AC1E39F57E00480C41 /* PetSaviorUITests.swift in Sources */,
			);
			runOnlyForDeploymentPostprocessing = 0;
		};
		0CB004591E39E25200876F9C /* Sources */ = {
			isa = PBXSourcesBuildPhase;
			buildActionMask = 2147483647;
			files = (
				0CB004611E39E25200876F9C /* AppDelegate.swift in Sources */,
				0C0371BA1E3A0E4F00480C41 /* animalDetailViewController.swift in Sources */,
				0C0371BC1E3A14A500480C41 /* postTableViewCell.swift in Sources */,
				0C606BD91E48EC9C00163FBD /* tumuViewController.swift in Sources */,
				0C0371B41E3A075E00480C41 /* AddViewController.swift in Sources */,
				0C0371B61E3A09FA00480C41 /* cevremdekilerViewController.swift in Sources */,
			);
			runOnlyForDeploymentPostprocessing = 0;
		};
/* End PBXSourcesBuildPhase section */

/* Begin PBXTargetDependency section */
		0C0371A11E39F57600480C41 /* PBXTargetDependency */ = {
			isa = PBXTargetDependency;
			target = 0CB0045C1E39E25200876F9C /* PetSavior */;
			targetProxy = 0C0371A01E39F57600480C41 /* PBXContainerItemProxy */;
		};
		0C0371AF1E39F57E00480C41 /* PBXTargetDependency */ = {
			isa = PBXTargetDependency;
			target = 0CB0045C1E39E25200876F9C /* PetSavior */;
			targetProxy = 0C0371AE1E39F57E00480C41 /* PBXContainerItemProxy */;
		};
/* End PBXTargetDependency section */

/* Begin PBXVariantGroup section */
		0CB004641E39E25200876F9C /* Main.storyboard */ = {
			isa = PBXVariantGroup;
			children = (
				0CB004651E39E25200876F9C /* Base */,
			);
			name = Main.storyboard;
			sourceTree = "<group>";
		};
		0CB004691E39E25200876F9C /* LaunchScreen.storyboard */ = {
			isa = PBXVariantGroup;
			children = (
				0CB0046A1E39E25200876F9C /* Base */,
			);
			name = LaunchScreen.storyboard;
			sourceTree = "<group>";
		};
/* End PBXVariantGroup section */

/* Begin XCBuildConfiguration section */
		0C0371A21E39F57600480C41 /* Debug */ = {
			isa = XCBuildConfiguration;
			buildSettings = {
				BUNDLE_LOADER = "$(TEST_HOST)";
				DEVELOPMENT_TEAM = VF89SMT8TU;
				INFOPLIST_FILE = PetSaviorTests/Info.plist;
				LD_RUNPATH_SEARCH_PATHS = "$(inherited) @executable_path/Frameworks @loader_path/Frameworks";
				PRODUCT_BUNDLE_IDENTIFIER = aci.k12.PetSaviorTests;
				PRODUCT_NAME = "$(TARGET_NAME)";
				SWIFT_VERSION = 3.0;
				TEST_HOST = "$(BUILT_PRODUCTS_DIR)/PetSavior.app/PetSavior";
			};
			name = Debug;
		};
		0C0371A31E39F57600480C41 /* Release */ = {
			isa = XCBuildConfiguration;
			buildSettings = {
				BUNDLE_LOADER = "$(TEST_HOST)";
				DEVELOPMENT_TEAM = VF89SMT8TU;
				INFOPLIST_FILE = PetSaviorTests/Info.plist;
				LD_RUNPATH_SEARCH_PATHS = "$(inherited) @executable_path/Frameworks @loader_path/Frameworks";
				PRODUCT_BUNDLE_IDENTIFIER = aci.k12.PetSaviorTests;
				PRODUCT_NAME = "$(TARGET_NAME)";
				SWIFT_VERSION = 3.0;
				TEST_HOST = "$(BUILT_PRODUCTS_DIR)/PetSavior.app/PetSavior";
			};
			name = Release;
		};
		0C0371B11E39F57E00480C41 /* Debug */ = {
			isa = XCBuildConfiguration;
			buildSettings = {
				DEVELOPMENT_TEAM = VF89SMT8TU;
				INFOPLIST_FILE = PetSaviorUITests/Info.plist;
				LD_RUNPATH_SEARCH_PATHS = "$(inherited) @executable_path/Frameworks @loader_path/Frameworks";
				PRODUCT_BUNDLE_IDENTIFIER = aci.k12.PetSaviorUITests;
				PRODUCT_NAME = "$(TARGET_NAME)";
				SWIFT_VERSION = 3.0;
				TEST_TARGET_NAME = PetSavior;
			};
			name = Debug;
		};
		0C0371B21E39F57E00480C41 /* Release */ = {
			isa = XCBuildConfiguration;
			buildSettings = {
				DEVELOPMENT_TEAM = VF89SMT8TU;
				INFOPLIST_FILE = PetSaviorUITests/Info.plist;
				LD_RUNPATH_SEARCH_PATHS = "$(inherited) @executable_path/Frameworks @loader_path/Frameworks";
				PRODUCT_BUNDLE_IDENTIFIER = aci.k12.PetSaviorUITests;
				PRODUCT_NAME = "$(TARGET_NAME)";
				SWIFT_VERSION = 3.0;
				TEST_TARGET_NAME = PetSavior;
			};
			name = Release;
		};
		0CB004831E39E25200876F9C /* Debug */ = {
			isa = XCBuildConfiguration;
			buildSettings = {
				ALWAYS_SEARCH_USER_PATHS = NO;
				CLANG_ANALYZER_NONNULL = YES;
				CLANG_CXX_LANGUAGE_STANDARD = "gnu++0x";
				CLANG_CXX_LIBRARY = "libc++";
				CLANG_ENABLE_MODULES = YES;
				CLANG_ENABLE_OBJC_ARC = YES;
				CLANG_WARN_BOOL_CONVERSION = YES;
				CLANG_WARN_CONSTANT_CONVERSION = YES;
				CLANG_WARN_DIRECT_OBJC_ISA_USAGE = YES_ERROR;
				CLANG_WARN_DOCUMENTATION_COMMENTS = YES;
				CLANG_WARN_EMPTY_BODY = YES;
				CLANG_WARN_ENUM_CONVERSION = YES;
				CLANG_WARN_INFINITE_RECURSION = YES;
				CLANG_WARN_INT_CONVERSION = YES;
				CLANG_WARN_OBJC_ROOT_CLASS = YES_ERROR;
				CLANG_WARN_SUSPICIOUS_MOVE = YES;
				CLANG_WARN_UNREACHABLE_CODE = YES;
				CLANG_WARN__DUPLICATE_METHOD_MATCH = YES;
				"CODE_SIGN_IDENTITY[sdk=iphoneos*]" = "iPhone Developer";
				COPY_PHASE_STRIP = NO;
				DEBUG_INFORMATION_FORMAT = dwarf;
				ENABLE_STRICT_OBJC_MSGSEND = YES;
				ENABLE_TESTABILITY = YES;
				GCC_C_LANGUAGE_STANDARD = gnu99;
				GCC_DYNAMIC_NO_PIC = NO;
				GCC_NO_COMMON_BLOCKS = YES;
				GCC_OPTIMIZATION_LEVEL = 0;
				GCC_PREPROCESSOR_DEFINITIONS = (
					"DEBUG=1",
					"$(inherited)",
				);
				GCC_WARN_64_TO_32_BIT_CONVERSION = YES;
				GCC_WARN_ABOUT_RETURN_TYPE = YES_ERROR;
				GCC_WARN_UNDECLARED_SELECTOR = YES;
				GCC_WARN_UNINITIALIZED_AUTOS = YES_AGGRESSIVE;
				GCC_WARN_UNUSED_FUNCTION = YES;
				GCC_WARN_UNUSED_VARIABLE = YES;
				IPHONEOS_DEPLOYMENT_TARGET = 10.2;
				MTL_ENABLE_DEBUG_INFO = YES;
				ONLY_ACTIVE_ARCH = YES;
				SDKROOT = iphoneos;
				SWIFT_ACTIVE_COMPILATION_CONDITIONS = DEBUG;
				SWIFT_OPTIMIZATION_LEVEL = "-Onone";
				TARGETED_DEVICE_FAMILY = "1,2";
			};
			name = Debug;
		};
		0CB004841E39E25200876F9C /* Release */ = {
			isa = XCBuildConfiguration;
			buildSettings = {
				ALWAYS_SEARCH_USER_PATHS = NO;
				CLANG_ANALYZER_NONNULL = YES;
				CLANG_CXX_LANGUAGE_STANDARD = "gnu++0x";
				CLANG_CXX_LIBRARY = "libc++";
				CLANG_ENABLE_MODULES = YES;
				CLANG_ENABLE_OBJC_ARC = YES;
				CLANG_WARN_BOOL_CONVERSION = YES;
				CLANG_WARN_CONSTANT_CONVERSION = YES;
				CLANG_WARN_DIRECT_OBJC_ISA_USAGE = YES_ERROR;
				CLANG_WARN_DOCUMENTATION_COMMENTS = YES;
				CLANG_WARN_EMPTY_BODY = YES;
				CLANG_WARN_ENUM_CONVERSION = YES;
				CLANG_WARN_INFINITE_RECURSION = YES;
				CLANG_WARN_INT_CONVERSION = YES;
				CLANG_WARN_OBJC_ROOT_CLASS = YES_ERROR;
				CLANG_WARN_SUSPICIOUS_MOVE = YES;
				CLANG_WARN_UNREACHABLE_CODE = YES;
				CLANG_WARN__DUPLICATE_METHOD_MATCH = YES;
				"CODE_SIGN_IDENTITY[sdk=iphoneos*]" = "iPhone Developer";
				COPY_PHASE_STRIP = NO;
				DEBUG_INFORMATION_FORMAT = "dwarf-with-dsym";
				ENABLE_NS_ASSERTIONS = NO;
				ENABLE_STRICT_OBJC_MSGSEND = YES;
				GCC_C_LANGUAGE_STANDARD = gnu99;
				GCC_NO_COMMON_BLOCKS = YES;
				GCC_WARN_64_TO_32_BIT_CONVERSION = YES;
				GCC_WARN_ABOUT_RETURN_TYPE = YES_ERROR;
				GCC_WARN_UNDECLARED_SELECTOR = YES;
				GCC_WARN_UNINITIALIZED_AUTOS = YES_AGGRESSIVE;
				GCC_WARN_UNUSED_FUNCTION = YES;
				GCC_WARN_UNUSED_VARIABLE = YES;
				IPHONEOS_DEPLOYMENT_TARGET = 10.2;
				MTL_ENABLE_DEBUG_INFO = NO;
				SDKROOT = iphoneos;
				SWIFT_OPTIMIZATION_LEVEL = "-Owholemodule";
				TARGETED_DEVICE_FAMILY = "1,2";
				VALIDATE_PRODUCT = YES;
			};
			name = Release;
		};
		0CB004861E39E25200876F9C /* Debug */ = {
			isa = XCBuildConfiguration;
			baseConfigurationReference = B7A62E21E21B25855A8B8DA3 /* Pods-PetSavior.debug.xcconfig */;
			buildSettings = {
				ALWAYS_EMBED_SWIFT_STANDARD_LIBRARIES = YES;
				ASSETCATALOG_COMPILER_APPICON_NAME = AppIcon;
				DEVELOPMENT_TEAM = VF89SMT8TU;
				INFOPLIST_FILE = "$(SRCROOT)/PetSavior/Info.plist";
				LD_RUNPATH_SEARCH_PATHS = "$(inherited) @executable_path/Frameworks";
				PRODUCT_BUNDLE_IDENTIFIER = aci.k12.petsavior;
				PRODUCT_NAME = "$(TARGET_NAME)";
				SWIFT_VERSION = 3.0;
			};
			name = Debug;
		};
		0CB004871E39E25200876F9C /* Release */ = {
			isa = XCBuildConfiguration;
			baseConfigurationReference = E1900E359301783D0461A530 /* Pods-PetSavior.release.xcconfig */;
			buildSettings = {
				ALWAYS_EMBED_SWIFT_STANDARD_LIBRARIES = YES;
				ASSETCATALOG_COMPILER_APPICON_NAME = AppIcon;
				DEVELOPMENT_TEAM = VF89SMT8TU;
				INFOPLIST_FILE = "$(SRCROOT)/PetSavior/Info.plist";
				LD_RUNPATH_SEARCH_PATHS = "$(inherited) @executable_path/Frameworks";
				PRODUCT_BUNDLE_IDENTIFIER = aci.k12.petsavior;
				PRODUCT_NAME = "$(TARGET_NAME)";
				SWIFT_VERSION = 3.0;
			};
			name = Release;
		};
/* End XCBuildConfiguration section */

/* Begin XCConfigurationList section */
		0C0371A41E39F57600480C41 /* Build configuration list for PBXNativeTarget "PetSaviorTests" */ = {
			isa = XCConfigurationList;
			buildConfigurations = (
				0C0371A21E39F57600480C41 /* Debug */,
				0C0371A31E39F57600480C41 /* Release */,
			);
			defaultConfigurationIsVisible = 0;
			defaultConfigurationName = Release;
		};
		0C0371B01E39F57E00480C41 /* Build configuration list for PBXNativeTarget "PetSaviorUITests" */ = {
			isa = XCConfigurationList;
			buildConfigurations = (
				0C0371B11E39F57E00480C41 /* Debug */,
				0C0371B21E39F57E00480C41 /* Release */,
			);
			defaultConfigurationIsVisible = 0;
			defaultConfigurationName = Release;
		};
		0CB004581E39E25200876F9C /* Build configuration list for PBXProject "PetSavior" */ = {
			isa = XCConfigurationList;
			buildConfigurations = (
				0CB004831E39E25200876F9C /* Debug */,
				0CB004841E39E25200876F9C /* Release */,
			);
			defaultConfigurationIsVisible = 0;
			defaultConfigurationName = Release;
		};
		0CB004851E39E25200876F9C /* Build configuration list for PBXNativeTarget "PetSavior" */ = {
			isa = XCConfigurationList;
			buildConfigurations = (
				0CB004861E39E25200876F9C /* Debug */,
				0CB004871E39E25200876F9C /* Release */,
			);
			defaultConfigurationIsVisible = 0;
			defaultConfigurationName = Release;
		};
/* End XCConfigurationList section */
	};
	rootObject = 0CB004551E39E25200876F9C /* Project object */;
}
